
Microsoft Visual Studio Solution File, Format Version 12.00
# Visual Studio Version 17
VisualStudioVersion = 17.0.31903.59
MinimumVisualStudioVersion = 10.0.40219.1
Project("{9A19103F-16F7-4668-BE54-9A1E7A4F7556}") = "SasaraUtil.Core", "SasaraUtil.Core\SasaraUtil.Core.csproj", "{DB5BA882-FA7A-4D1B-A7C5-F025EA301EA5}"
EndProject
Project("{9A19103F-16F7-4668-BE54-9A1E7A4F7556}") = "SasaraUtil", "SasaraUtil\SasaraUtil.csproj", "{810817CC-80A7-4952-9630-BFA386B00EB9}"
EndProject
Project("{2150E333-8FDC-42A3-9474-1A3956D46DE8}") = "Solution Items", "Solution Items", "{B668698E-8CA4-4028-9DCF-3459FAB0E666}"
	ProjectSection(SolutionItems) = preProject
		.gitignore = .gitignore
		SasaraUtil.sln.licenseheader = SasaraUtil.sln.licenseheader
		nuget.config = nuget.config
		README.md = README.md
	EndProjectSection
EndProject
Project("{9A19103F-16F7-4668-BE54-9A1E7A4F7556}") = "SasaraUtil.UI", "SasaraUtil.UI\SasaraUtil.UI.csproj", "{21E0E68E-256C-4E55-AD98-27AC3693E120}"
EndProject
Project("{FAE04EC0-301F-11D3-BF4B-00C04F79EFBC}") = "SasaraUtil.Console", "SasaraUtil.Console\SasaraUtil.Console.csproj", "{177CCE26-168B-4AF8-8F5D-DE70F4DC0716}"
EndProject
Project("{2150E333-8FDC-42A3-9474-1A3956D46DE8}") = "tests", "tests", "{DAFC7C90-B026-457C-B8F9-5CA2389A8B5D}"
EndProject
Project("{FAE04EC0-301F-11D3-BF4B-00C04F79EFBC}") = "Test.Core", "tests\Test.Core\Test.Core.csproj", "{C5619655-90FA-4AAD-A9D6-2E551C13E698}"
EndProject
Project("{FAE04EC0-301F-11D3-BF4B-00C04F79EFBC}") = "Test.UI", "tests\Test.UI\Test.UI.csproj", "{08FDA754-5E48-4D4E-AB64-46494CDCFB08}"
EndProject
Project("{FAE04EC0-301F-11D3-BF4B-00C04F79EFBC}") = "Test.Console", "tests\Test.Console\Test.Console.csproj", "{51AC9FA0-F35E-47C0-96D9-1C72BA69D942}"
EndProject
Project("{FAE04EC0-301F-11D3-BF4B-00C04F79EFBC}") = "SasaraUtil.Core.Windows", "SasaraUtil.Core.Windows\SasaraUtil.Core.Windows.csproj", "{FD34469D-4D5F-4D08-94FE-D1994D775DEF}"
EndProject
Project("{2150E333-8FDC-42A3-9474-1A3956D46DE8}") = "libs", "libs", "{499B0954-8579-42B1-93C1-DEF522B9898C}"
EndProject
Project("{2150E333-8FDC-42A3-9474-1A3956D46DE8}") = "LibSasara", "LibSasara", "{70C2171A-0083-4123-88BA-8D275619CEA1}"
EndProject
Project("{FAE04EC0-301F-11D3-BF4B-00C04F79EFBC}") = "LibSasara", "libs\LibSasara\LibSasara\LibSasara.csproj", "{3E06DB04-CD28-46C6-A9C3-5D57DAC84562}"
EndProject
Project("{2150E333-8FDC-42A3-9474-1A3956D46DE8}") = "FluentCeVIOWrapper", "FluentCeVIOWrapper", "{00B8ECFD-97D4-4CDE-877D-212D5F9711C3}"
EndProject
Project("{FAE04EC0-301F-11D3-BF4B-00C04F79EFBC}") = "FluentCeVIOWrapper.Common", "libs\FluentCeVIOWrapper\FluentCeVIOWrapper.Common\FluentCeVIOWrapper.Common.csproj", "{7C1239A3-20BE-48E7-8C37-983FC7F05B4B}"
EndProject
Project("{2150E333-8FDC-42A3-9474-1A3956D46DE8}") = "cevio-casts", "cevio-casts", "{5E83B07A-D4CA-44DC-BEBC-D586AC8E38E2}"
EndProject
Project("{2150E333-8FDC-42A3-9474-1A3956D46DE8}") = "languages", "languages", "{347FA36A-631B-4245-8350-C42CC0C2EC8D}"
EndProject
Project("{2150E333-8FDC-42A3-9474-1A3956D46DE8}") = "csharp", "csharp", "{79A7F8B5-5DDB-4FF5-9277-9E03414E02B4}"
EndProject
Project("{FAE04EC0-301F-11D3-BF4B-00C04F79EFBC}") = "CevioCasts", "libs\cevio-casts\languages\csharp\CevioCasts\CevioCasts.csproj", "{F981CD60-599E-497C-BEBB-E7C614694DDE}"
EndProject
Project("{2150E333-8FDC-42A3-9474-1A3956D46DE8}") = "Localization", "Localization", "{723552A1-E6D7-4C90-8751-E6697015A562}"
EndProject
Project("{FAE04EC0-301F-11D3-BF4B-00C04F79EFBC}") = "CodingSeb.Localization.Avalonia", "libs\Localization\CodingSeb.Localization.Avalonia\CodingSeb.Localization.Avalonia.csproj", "{D31DEFBD-24FE-47CA-B95A-50A86089CD9A}"
EndProject
Project("{FAE04EC0-301F-11D3-BF4B-00C04F79EFBC}") = "CodingSeb.Localization", "libs\Localization\CodingSeb.Localization\CodingSeb.Localization.csproj", "{7E3B5CEB-B50D-4B90-A16D-A0C421609446}"
EndProject
Project("{FAE04EC0-301F-11D3-BF4B-00C04F79EFBC}") = "CevioCasts.UpdateChecker", "libs\cevio-casts\languages\csharp\CevioCasts.UpdateChecker\CevioCasts.UpdateChecker.csproj", "{451EE88B-B411-47DC-8FCB-CA7C3CCFDBCB}"
EndProject
Global
	GlobalSection(SolutionConfigurationPlatforms) = preSolution
		Debug|Any CPU = Debug|Any CPU
		Release|Any CPU = Release|Any CPU
	EndGlobalSection
	GlobalSection(ProjectConfigurationPlatforms) = postSolution
		{DB5BA882-FA7A-4D1B-A7C5-F025EA301EA5}.Debug|Any CPU.ActiveCfg = Debug|Any CPU
		{DB5BA882-FA7A-4D1B-A7C5-F025EA301EA5}.Debug|Any CPU.Build.0 = Debug|Any CPU
		{DB5BA882-FA7A-4D1B-A7C5-F025EA301EA5}.Release|Any CPU.ActiveCfg = Release|Any CPU
		{DB5BA882-FA7A-4D1B-A7C5-F025EA301EA5}.Release|Any CPU.Build.0 = Release|Any CPU
		{810817CC-80A7-4952-9630-BFA386B00EB9}.Debug|Any CPU.ActiveCfg = Debug|Any CPU
		{810817CC-80A7-4952-9630-BFA386B00EB9}.Debug|Any CPU.Build.0 = Debug|Any CPU
		{810817CC-80A7-4952-9630-BFA386B00EB9}.Release|Any CPU.ActiveCfg = Release|Any CPU
		{810817CC-80A7-4952-9630-BFA386B00EB9}.Release|Any CPU.Build.0 = Release|Any CPU
		{21E0E68E-256C-4E55-AD98-27AC3693E120}.Debug|Any CPU.ActiveCfg = Debug|Any CPU
		{21E0E68E-256C-4E55-AD98-27AC3693E120}.Debug|Any CPU.Build.0 = Debug|Any CPU
		{21E0E68E-256C-4E55-AD98-27AC3693E120}.Release|Any CPU.ActiveCfg = Release|Any CPU
		{21E0E68E-256C-4E55-AD98-27AC3693E120}.Release|Any CPU.Build.0 = Release|Any CPU
		{177CCE26-168B-4AF8-8F5D-DE70F4DC0716}.Debug|Any CPU.ActiveCfg = Debug|Any CPU
		{177CCE26-168B-4AF8-8F5D-DE70F4DC0716}.Debug|Any CPU.Build.0 = Debug|Any CPU
		{177CCE26-168B-4AF8-8F5D-DE70F4DC0716}.Release|Any CPU.ActiveCfg = Release|Any CPU
		{177CCE26-168B-4AF8-8F5D-DE70F4DC0716}.Release|Any CPU.Build.0 = Release|Any CPU
		{C5619655-90FA-4AAD-A9D6-2E551C13E698}.Debug|Any CPU.ActiveCfg = Debug|Any CPU
		{C5619655-90FA-4AAD-A9D6-2E551C13E698}.Debug|Any CPU.Build.0 = Debug|Any CPU
		{C5619655-90FA-4AAD-A9D6-2E551C13E698}.Release|Any CPU.ActiveCfg = Release|Any CPU
		{C5619655-90FA-4AAD-A9D6-2E551C13E698}.Release|Any CPU.Build.0 = Release|Any CPU
		{08FDA754-5E48-4D4E-AB64-46494CDCFB08}.Debug|Any CPU.ActiveCfg = Debug|Any CPU
		{08FDA754-5E48-4D4E-AB64-46494CDCFB08}.Debug|Any CPU.Build.0 = Debug|Any CPU
		{08FDA754-5E48-4D4E-AB64-46494CDCFB08}.Release|Any CPU.ActiveCfg = Release|Any CPU
		{08FDA754-5E48-4D4E-AB64-46494CDCFB08}.Release|Any CPU.Build.0 = Release|Any CPU
		{51AC9FA0-F35E-47C0-96D9-1C72BA69D942}.Debug|Any CPU.ActiveCfg = Debug|Any CPU
		{51AC9FA0-F35E-47C0-96D9-1C72BA69D942}.Debug|Any CPU.Build.0 = Debug|Any CPU
		{51AC9FA0-F35E-47C0-96D9-1C72BA69D942}.Release|Any CPU.ActiveCfg = Release|Any CPU
		{51AC9FA0-F35E-47C0-96D9-1C72BA69D942}.Release|Any CPU.Build.0 = Release|Any CPU
		{FD34469D-4D5F-4D08-94FE-D1994D775DEF}.Debug|Any CPU.ActiveCfg = Debug|Any CPU
		{FD34469D-4D5F-4D08-94FE-D1994D775DEF}.Debug|Any CPU.Build.0 = Debug|Any CPU
		{FD34469D-4D5F-4D08-94FE-D1994D775DEF}.Release|Any CPU.ActiveCfg = Release|Any CPU
		{FD34469D-4D5F-4D08-94FE-D1994D775DEF}.Release|Any CPU.Build.0 = Release|Any CPU
		{3E06DB04-CD28-46C6-A9C3-5D57DAC84562}.Debug|Any CPU.ActiveCfg = Debug|Any CPU
		{3E06DB04-CD28-46C6-A9C3-5D57DAC84562}.Debug|Any CPU.Build.0 = Debug|Any CPU
		{3E06DB04-CD28-46C6-A9C3-5D57DAC84562}.Release|Any CPU.ActiveCfg = Release|Any CPU
		{3E06DB04-CD28-46C6-A9C3-5D57DAC84562}.Release|Any CPU.Build.0 = Release|Any CPU
		{7C1239A3-20BE-48E7-8C37-983FC7F05B4B}.Debug|Any CPU.ActiveCfg = Debug|Any CPU
		{7C1239A3-20BE-48E7-8C37-983FC7F05B4B}.Debug|Any CPU.Build.0 = Debug|Any CPU
		{7C1239A3-20BE-48E7-8C37-983FC7F05B4B}.Release|Any CPU.ActiveCfg = Release|Any CPU
		{7C1239A3-20BE-48E7-8C37-983FC7F05B4B}.Release|Any CPU.Build.0 = Release|Any CPU
		{F981CD60-599E-497C-BEBB-E7C614694DDE}.Debug|Any CPU.ActiveCfg = Debug|Any CPU
		{F981CD60-599E-497C-BEBB-E7C614694DDE}.Debug|Any CPU.Build.0 = Debug|Any CPU
		{F981CD60-599E-497C-BEBB-E7C614694DDE}.Release|Any CPU.ActiveCfg = Release|Any CPU
		{F981CD60-599E-497C-BEBB-E7C614694DDE}.Release|Any CPU.Build.0 = Release|Any CPU
		{D31DEFBD-24FE-47CA-B95A-50A86089CD9A}.Debug|Any CPU.ActiveCfg = Debug|Any CPU
		{D31DEFBD-24FE-47CA-B95A-50A86089CD9A}.Debug|Any CPU.Build.0 = Debug|Any CPU
		{D31DEFBD-24FE-47CA-B95A-50A86089CD9A}.Release|Any CPU.ActiveCfg = Release|Any CPU
		{D31DEFBD-24FE-47CA-B95A-50A86089CD9A}.Release|Any CPU.Build.0 = Release|Any CPU
		{7E3B5CEB-B50D-4B90-A16D-A0C421609446}.Debug|Any CPU.ActiveCfg = Debug|Any CPU
		{7E3B5CEB-B50D-4B90-A16D-A0C421609446}.Debug|Any CPU.Build.0 = Debug|Any CPU
		{7E3B5CEB-B50D-4B90-A16D-A0C421609446}.Release|Any CPU.ActiveCfg = Release|Any CPU
		{7E3B5CEB-B50D-4B90-A16D-A0C421609446}.Release|Any CPU.Build.0 = Release|Any CPU
		{451EE88B-B411-47DC-8FCB-CA7C3CCFDBCB}.Debug|Any CPU.ActiveCfg = Debug|Any CPU
		{451EE88B-B411-47DC-8FCB-CA7C3CCFDBCB}.Debug|Any CPU.Build.0 = Debug|Any CPU
		{451EE88B-B411-47DC-8FCB-CA7C3CCFDBCB}.Release|Any CPU.ActiveCfg = Release|Any CPU
		{451EE88B-B411-47DC-8FCB-CA7C3CCFDBCB}.Release|Any CPU.Build.0 = Release|Any CPU
	EndGlobalSection
	GlobalSection(SolutionProperties) = preSolution
		HideSolutionNode = FALSE
	EndGlobalSection
	GlobalSection(ExtensibilityGlobals) = postSolution
		SolutionGuid = {37A64CEC-DCE3-4FE1-85F0-BAB3AB2DC26D}
	EndGlobalSection
	GlobalSection(NestedProjects) = preSolution
		{C5619655-90FA-4AAD-A9D6-2E551C13E698} = {DAFC7C90-B026-457C-B8F9-5CA2389A8B5D}
		{08FDA754-5E48-4D4E-AB64-46494CDCFB08} = {DAFC7C90-B026-457C-B8F9-5CA2389A8B5D}
		{51AC9FA0-F35E-47C0-96D9-1C72BA69D942} = {DAFC7C90-B026-457C-B8F9-5CA2389A8B5D}
		{70C2171A-0083-4123-88BA-8D275619CEA1} = {499B0954-8579-42B1-93C1-DEF522B9898C}
		{3E06DB04-CD28-46C6-A9C3-5D57DAC84562} = {70C2171A-0083-4123-88BA-8D275619CEA1}
		{00B8ECFD-97D4-4CDE-877D-212D5F9711C3} = {499B0954-8579-42B1-93C1-DEF522B9898C}
		{7C1239A3-20BE-48E7-8C37-983FC7F05B4B} = {00B8ECFD-97D4-4CDE-877D-212D5F9711C3}
		{5E83B07A-D4CA-44DC-BEBC-D586AC8E38E2} = {499B0954-8579-42B1-93C1-DEF522B9898C}
		{347FA36A-631B-4245-8350-C42CC0C2EC8D} = {5E83B07A-D4CA-44DC-BEBC-D586AC8E38E2}
		{79A7F8B5-5DDB-4FF5-9277-9E03414E02B4} = {347FA36A-631B-4245-8350-C42CC0C2EC8D}
		{F981CD60-599E-497C-BEBB-E7C614694DDE} = {79A7F8B5-5DDB-4FF5-9277-9E03414E02B4}
		{723552A1-E6D7-4C90-8751-E6697015A562} = {499B0954-8579-42B1-93C1-DEF522B9898C}
		{D31DEFBD-24FE-47CA-B95A-50A86089CD9A} = {723552A1-E6D7-4C90-8751-E6697015A562}
		{7E3B5CEB-B50D-4B90-A16D-A0C421609446} = {723552A1-E6D7-4C90-8751-E6697015A562}
		{451EE88B-B411-47DC-8FCB-CA7C3CCFDBCB} = {79A7F8B5-5DDB-4FF5-9277-9E03414E02B4}
	EndGlobalSection
EndGlobal
